// !$*UTF8*$!
{
	archiveVersion = 1;
	classes = {
	};
	objectVersion = 46;
	objects = {

/* Begin PBXBuildFile section */
		093FB3481D9FE2B50004CB34 /* HeaderLabelCell.m in Sources */ = {isa = PBXBuildFile; fileRef = 093FB3461D9FE2B50004CB34 /* HeaderLabelCell.m */; };
		093FB34B1D9FE5A20004CB34 /* MainView.xib in Resources */ = {isa = PBXBuildFile; fileRef = 093FB34A1D9FE5A20004CB34 /* MainView.xib */; };
		093FB34E1DA0254F0004CB34 /* HeaderLabelCell.xib in Resources */ = {isa = PBXBuildFile; fileRef = 093FB34D1DA0254F0004CB34 /* HeaderLabelCell.xib */; };
		09BBB2B21DA1102600EBF75D /* TextAnswerCell.m in Sources */ = {isa = PBXBuildFile; fileRef = 09BBB2B01DA1102600EBF75D /* TextAnswerCell.m */; };
		09BBB2B31DA1102600EBF75D /* TextAnswerCell.xib in Resources */ = {isa = PBXBuildFile; fileRef = 09BBB2B11DA1102600EBF75D /* TextAnswerCell.xib */; };
		09BE3B501DA0E83900F5E29F /* Request.m in Sources */ = {isa = PBXBuildFile; fileRef = 09BE3B4F1DA0E83900F5E29F /* Request.m */; };
		09BE3B531DA0E88500F5E29F /* Response.m in Sources */ = {isa = PBXBuildFile; fileRef = 09BE3B521DA0E88500F5E29F /* Response.m */; };
		09BE3B551DA0EB5600F5E29F /* Speech.framework in Frameworks */ = {isa = PBXBuildFile; fileRef = 09BE3B541DA0EB5600F5E29F /* Speech.framework */; };
		09BE3B581DA0EFC600F5E29F /* CYHTTPClient.m in Sources */ = {isa = PBXBuildFile; fileRef = 09BE3B571DA0EFC600F5E29F /* CYHTTPClient.m */; };
		09D33B5B1D9FC285009864D6 /* main.m in Sources */ = {isa = PBXBuildFile; fileRef = 09D33B5A1D9FC285009864D6 /* main.m */; };
		09D33B5E1D9FC285009864D6 /* AppDelegate.m in Sources */ = {isa = PBXBuildFile; fileRef = 09D33B5D1D9FC285009864D6 /* AppDelegate.m */; };
		09D33B611D9FC285009864D6 /* MainViewController.m in Sources */ = {isa = PBXBuildFile; fileRef = 09D33B601D9FC285009864D6 /* MainViewController.m */; };
		09D33B661D9FC285009864D6 /* Assets.xcassets in Resources */ = {isa = PBXBuildFile; fileRef = 09D33B651D9FC285009864D6 /* Assets.xcassets */; };
		09D33B691D9FC285009864D6 /* LaunchScreen.storyboard in Resources */ = {isa = PBXBuildFile; fileRef = 09D33B671D9FC285009864D6 /* LaunchScreen.storyboard */; };
		F9CE68B56B2AA22E574F97C0 /* Pods_cyBroker.framework in Frameworks */ = {isa = PBXBuildFile; fileRef = FAFF766C140CC27772380371 /* Pods_cyBroker.framework */; };
/* End PBXBuildFile section */

/* Begin PBXFileReference section */
		093FB3451D9FE2B50004CB34 /* HeaderLabelCell.h */ = {isa = PBXFileReference; fileEncoding = 4; lastKnownFileType = sourcecode.c.h; path = HeaderLabelCell.h; sourceTree = "<group>"; };
		093FB3461D9FE2B50004CB34 /* HeaderLabelCell.m */ = {isa = PBXFileReference; fileEncoding = 4; lastKnownFileType = sourcecode.c.objc; path = HeaderLabelCell.m; sourceTree = "<group>"; };
		093FB34A1D9FE5A20004CB34 /* MainView.xib */ = {isa = PBXFileReference; fileEncoding = 4; lastKnownFileType = file.xib; path = MainView.xib; sourceTree = "<group>"; };
		093FB34D1DA0254F0004CB34 /* HeaderLabelCell.xib */ = {isa = PBXFileReference; fileEncoding = 4; lastKnownFileType = file.xib; path = HeaderLabelCell.xib; sourceTree = "<group>"; };
		09BBB2AF1DA1102600EBF75D /* TextAnswerCell.h */ = {isa = PBXFileReference; fileEncoding = 4; lastKnownFileType = sourcecode.c.h; path = TextAnswerCell.h; sourceTree = "<group>"; };
		09BBB2B01DA1102600EBF75D /* TextAnswerCell.m */ = {isa = PBXFileReference; fileEncoding = 4; lastKnownFileType = sourcecode.c.objc; path = TextAnswerCell.m; sourceTree = "<group>"; };
		09BBB2B11DA1102600EBF75D /* TextAnswerCell.xib */ = {isa = PBXFileReference; fileEncoding = 4; lastKnownFileType = file.xib; path = TextAnswerCell.xib; sourceTree = "<group>"; };
		09BE3B4E1DA0E83900F5E29F /* Request.h */ = {isa = PBXFileReference; fileEncoding = 4; lastKnownFileType = sourcecode.c.h; path = Request.h; sourceTree = "<group>"; };
		09BE3B4F1DA0E83900F5E29F /* Request.m */ = {isa = PBXFileReference; fileEncoding = 4; lastKnownFileType = sourcecode.c.objc; path = Request.m; sourceTree = "<group>"; };
		09BE3B511DA0E88500F5E29F /* Response.h */ = {isa = PBXFileReference; fileEncoding = 4; lastKnownFileType = sourcecode.c.h; path = Response.h; sourceTree = "<group>"; };
		09BE3B521DA0E88500F5E29F /* Response.m */ = {isa = PBXFileReference; fileEncoding = 4; lastKnownFileType = sourcecode.c.objc; path = Response.m; sourceTree = "<group>"; };
		09BE3B541DA0EB5600F5E29F /* Speech.framework */ = {isa = PBXFileReference; lastKnownFileType = wrapper.framework; name = Speech.framework; path = System/Library/Frameworks/Speech.framework; sourceTree = SDKROOT; };
		09BE3B561DA0EFC600F5E29F /* CYHTTPClient.h */ = {isa = PBXFileReference; fileEncoding = 4; lastKnownFileType = sourcecode.c.h; path = CYHTTPClient.h; sourceTree = "<group>"; };
		09BE3B571DA0EFC600F5E29F /* CYHTTPClient.m */ = {isa = PBXFileReference; fileEncoding = 4; lastKnownFileType = sourcecode.c.objc; path = CYHTTPClient.m; sourceTree = "<group>"; };
		09D33B561D9FC284009864D6 /* cyBroker.app */ = {isa = PBXFileReference; explicitFileType = wrapper.application; includeInIndex = 0; path = cyBroker.app; sourceTree = BUILT_PRODUCTS_DIR; };
		09D33B5A1D9FC285009864D6 /* main.m */ = {isa = PBXFileReference; lastKnownFileType = sourcecode.c.objc; path = main.m; sourceTree = "<group>"; };
		09D33B5C1D9FC285009864D6 /* AppDelegate.h */ = {isa = PBXFileReference; lastKnownFileType = sourcecode.c.h; path = AppDelegate.h; sourceTree = "<group>"; };
		09D33B5D1D9FC285009864D6 /* AppDelegate.m */ = {isa = PBXFileReference; lastKnownFileType = sourcecode.c.objc; path = AppDelegate.m; sourceTree = "<group>"; };
		09D33B5F1D9FC285009864D6 /* MainViewController.h */ = {isa = PBXFileReference; lastKnownFileType = sourcecode.c.h; path = MainViewController.h; sourceTree = "<group>"; };
		09D33B601D9FC285009864D6 /* MainViewController.m */ = {isa = PBXFileReference; lastKnownFileType = sourcecode.c.objc; path = MainViewController.m; sourceTree = "<group>"; };
		09D33B651D9FC285009864D6 /* Assets.xcassets */ = {isa = PBXFileReference; lastKnownFileType = folder.assetcatalog; path = Assets.xcassets; sourceTree = "<group>"; };
		09D33B681D9FC285009864D6 /* Base */ = {isa = PBXFileReference; lastKnownFileType = file.storyboard; name = Base; path = Base.lproj/LaunchScreen.storyboard; sourceTree = "<group>"; };
		09D33B6A1D9FC285009864D6 /* Info.plist */ = {isa = PBXFileReference; lastKnownFileType = text.plist.xml; path = Info.plist; sourceTree = "<group>"; };
		CFF662F2E3CB7341721387CF /* Pods-cyBroker.release.xcconfig */ = {isa = PBXFileReference; includeInIndex = 1; lastKnownFileType = text.xcconfig; name = "Pods-cyBroker.release.xcconfig"; path = "Pods/Target Support Files/Pods-cyBroker/Pods-cyBroker.release.xcconfig"; sourceTree = "<group>"; };
		D68D9BCD07EEEEBDE83B6E66 /* Pods-cyBroker.debug.xcconfig */ = {isa = PBXFileReference; includeInIndex = 1; lastKnownFileType = text.xcconfig; name = "Pods-cyBroker.debug.xcconfig"; path = "Pods/Target Support Files/Pods-cyBroker/Pods-cyBroker.debug.xcconfig"; sourceTree = "<group>"; };
		FAFF766C140CC27772380371 /* Pods_cyBroker.framework */ = {isa = PBXFileReference; explicitFileType = wrapper.framework; includeInIndex = 0; path = Pods_cyBroker.framework; sourceTree = BUILT_PRODUCTS_DIR; };
/* End PBXFileReference section */

/* Begin PBXFrameworksBuildPhase section */
		09D33B531D9FC284009864D6 /* Frameworks */ = {
			isa = PBXFrameworksBuildPhase;
			buildActionMask = 2147483647;
			files = (
				09BE3B551DA0EB5600F5E29F /* Speech.framework in Frameworks */,
				F9CE68B56B2AA22E574F97C0 /* Pods_cyBroker.framework in Frameworks */,
			);
			runOnlyForDeploymentPostprocessing = 0;
		};
/* End PBXFrameworksBuildPhase section */

/* Begin PBXGroup section */
		079B7DA6AE5A7C32AFC71404 /* Frameworks */ = {
			isa = PBXGroup;
			children = (
				09BE3B541DA0EB5600F5E29F /* Speech.framework */,
				FAFF766C140CC27772380371 /* Pods_cyBroker.framework */,
			);
			name = Frameworks;
			sourceTree = "<group>";
		};
		093FB3441D9FE2200004CB34 /* views */ = {
			isa = PBXGroup;
			children = (
				093FB34A1D9FE5A20004CB34 /* MainView.xib */,
				09BBB2AF1DA1102600EBF75D /* TextAnswerCell.h */,
				09BBB2B01DA1102600EBF75D /* TextAnswerCell.m */,
				09BBB2B11DA1102600EBF75D /* TextAnswerCell.xib */,
				093FB3451D9FE2B50004CB34 /* HeaderLabelCell.h */,
				093FB3461D9FE2B50004CB34 /* HeaderLabelCell.m */,
				093FB34D1DA0254F0004CB34 /* HeaderLabelCell.xib */,
			);
			name = views;
			sourceTree = "<group>";
		};
		093FB34C1D9FE6BA0004CB34 /* Controllers */ = {
			isa = PBXGroup;
			children = (
				09D33B5F1D9FC285009864D6 /* MainViewController.h */,
				09D33B601D9FC285009864D6 /* MainViewController.m */,
			);
			name = Controllers;
			sourceTree = "<group>";
		};
		09BE3B4D1DA0E7C300F5E29F /* Models */ = {
			isa = PBXGroup;
			children = (
				09BE3B4E1DA0E83900F5E29F /* Request.h */,
				09BE3B4F1DA0E83900F5E29F /* Request.m */,
				09BE3B511DA0E88500F5E29F /* Response.h */,
				09BE3B521DA0E88500F5E29F /* Response.m */,
			);
			name = Models;
			sourceTree = "<group>";
		};
		09D33B4D1D9FC284009864D6 = {
			isa = PBXGroup;
			children = (
				09D33B581D9FC285009864D6 /* cyBroker */,
				09D33B571D9FC284009864D6 /* Products */,
				DD98000922B845E600C38358 /* Pods */,
				079B7DA6AE5A7C32AFC71404 /* Frameworks */,
			);
			sourceTree = "<group>";
		};
		09D33B571D9FC284009864D6 /* Products */ = {
			isa = PBXGroup;
			children = (
				09D33B561D9FC284009864D6 /* cyBroker.app */,
			);
			name = Products;
			sourceTree = "<group>";
		};
		09D33B581D9FC285009864D6 /* cyBroker */ = {
			isa = PBXGroup;
			children = (
				09D33B5C1D9FC285009864D6 /* AppDelegate.h */,
				09D33B5D1D9FC285009864D6 /* AppDelegate.m */,
				09BE3B561DA0EFC600F5E29F /* CYHTTPClient.h */,
				09BE3B571DA0EFC600F5E29F /* CYHTTPClient.m */,
				09BE3B4D1DA0E7C300F5E29F /* Models */,
				093FB34C1D9FE6BA0004CB34 /* Controllers */,
				093FB3441D9FE2200004CB34 /* views */,
				09D33B651D9FC285009864D6 /* Assets.xcassets */,
				09D33B671D9FC285009864D6 /* LaunchScreen.storyboard */,
				09D33B6A1D9FC285009864D6 /* Info.plist */,
				09D33B591D9FC285009864D6 /* Supporting Files */,
			);
			path = cyBroker;
			sourceTree = "<group>";
		};
		09D33B591D9FC285009864D6 /* Supporting Files */ = {
			isa = PBXGroup;
			children = (
				09D33B5A1D9FC285009864D6 /* main.m */,
			);
			name = "Supporting Files";
			sourceTree = "<group>";
		};
		DD98000922B845E600C38358 /* Pods */ = {
			isa = PBXGroup;
			children = (
				D68D9BCD07EEEEBDE83B6E66 /* Pods-cyBroker.debug.xcconfig */,
				CFF662F2E3CB7341721387CF /* Pods-cyBroker.release.xcconfig */,
			);
			name = Pods;
			sourceTree = "<group>";
		};
/* End PBXGroup section */

/* Begin PBXNativeTarget section */
		09D33B551D9FC284009864D6 /* cyBroker */ = {
			isa = PBXNativeTarget;
			buildConfigurationList = 09D33B6D1D9FC285009864D6 /* Build configuration list for PBXNativeTarget "cyBroker" */;
			buildPhases = (
				EEA7AA94ECB66A7B219C1DE5 /* [CP] Check Pods Manifest.lock */,
				09D33B521D9FC284009864D6 /* Sources */,
				09D33B531D9FC284009864D6 /* Frameworks */,
				09D33B541D9FC284009864D6 /* Resources */,
				5D8EE8F780FDE79C81E7BA34 /* [CP] Embed Pods Frameworks */,
				E7E1C5C85DE1C166793844AE /* [CP] Copy Pods Resources */,
			);
			buildRules = (
			);
			dependencies = (
			);
			name = cyBroker;
			productName = cyBroker;
			productReference = 09D33B561D9FC284009864D6 /* cyBroker.app */;
			productType = "com.apple.product-type.application";
		};
/* End PBXNativeTarget section */

/* Begin PBXProject section */
		09D33B4E1D9FC284009864D6 /* Project object */ = {
			isa = PBXProject;
			attributes = {
				LastUpgradeCheck = 0730;
				ORGANIZATIONNAME = Lemur;
				TargetAttributes = {
					09D33B551D9FC284009864D6 = {
						CreatedOnToolsVersion = 7.3.1;
						DevelopmentTeam = WRF38UEM3U;
					};
				};
			};
			buildConfigurationList = 09D33B511D9FC284009864D6 /* Build configuration list for PBXProject "cyBroker" */;
			compatibilityVersion = "Xcode 3.2";
			developmentRegion = English;
			hasScannedForEncodings = 0;
			knownRegions = (
				en,
				Base,
			);
			mainGroup = 09D33B4D1D9FC284009864D6;
			productRefGroup = 09D33B571D9FC284009864D6 /* Products */;
			projectDirPath = "";
			projectRoot = "";
			targets = (
				09D33B551D9FC284009864D6 /* cyBroker */,
			);
		};
/* End PBXProject section */

/* Begin PBXResourcesBuildPhase section */
		09D33B541D9FC284009864D6 /* Resources */ = {
			isa = PBXResourcesBuildPhase;
			buildActionMask = 2147483647;
			files = (
				093FB34E1DA0254F0004CB34 /* HeaderLabelCell.xib in Resources */,
				09D33B691D9FC285009864D6 /* LaunchScreen.storyboard in Resources */,
				093FB34B1D9FE5A20004CB34 /* MainView.xib in Resources */,
				09D33B661D9FC285009864D6 /* Assets.xcassets in Resources */,
				09BBB2B31DA1102600EBF75D /* TextAnswerCell.xib in Resources */,
			);
			runOnlyForDeploymentPostprocessing = 0;
		};
/* End PBXResourcesBuildPhase section */

/* Begin PBXShellScriptBuildPhase section */
		5D8EE8F780FDE79C81E7BA34 /* [CP] Embed Pods Frameworks */ = {
			isa = PBXShellScriptBuildPhase;
			buildActionMask = 2147483647;
			files = (
			);
			inputPaths = (
			);
			name = "[CP] Embed Pods Frameworks";
			outputPaths = (
			);
			runOnlyForDeploymentPostprocessing = 0;
			shellPath = /bin/sh;
			shellScript = "\"${SRCROOT}/Pods/Target Support Files/Pods-cyBroker/Pods-cyBroker-frameworks.sh\"\n";
			showEnvVarsInLog = 0;
		};
		E7E1C5C85DE1C166793844AE /* [CP] Copy Pods Resources */ = {
			isa = PBXShellScriptBuildPhase;
			buildActionMask = 2147483647;
			files = (
			);
			inputPaths = (
			);
			name = "[CP] Copy Pods Resources";
			outputPaths = (
			);
			runOnlyForDeploymentPostprocessing = 0;
			shellPath = /bin/sh;
			shellScript = "\"${SRCROOT}/Pods/Target Support Files/Pods-cyBroker/Pods-cyBroker-resources.sh\"\n";
			showEnvVarsInLog = 0;
		};
		EEA7AA94ECB66A7B219C1DE5 /* [CP] Check Pods Manifest.lock */ = {
			isa = PBXShellScriptBuildPhase;
			buildActionMask = 2147483647;
			files = (
			);
			inputPaths = (
			);
			name = "[CP] Check Pods Manifest.lock";
			outputPaths = (
			);
			runOnlyForDeploymentPostprocessing = 0;
			shellPath = /bin/sh;
			shellScript = "diff \"${PODS_ROOT}/../Podfile.lock\" \"${PODS_ROOT}/Manifest.lock\" > /dev/null\nif [[ $? != 0 ]] ; then\n    cat << EOM\nerror: The sandbox is not in sync with the Podfile.lock. Run 'pod install' or update your CocoaPods installation.\nEOM\n    exit 1\nfi\n";
			showEnvVarsInLog = 0;
		};
/* End PBXShellScriptBuildPhase section */

/* Begin PBXSourcesBuildPhase section */
		09D33B521D9FC284009864D6 /* Sources */ = {
			isa = PBXSourcesBuildPhase;
			buildActionMask = 2147483647;
			files = (
				09BBB2B21DA1102600EBF75D /* TextAnswerCell.m in Sources */,
				09BE3B581DA0EFC600F5E29F /* CYHTTPClient.m in Sources */,
				09BE3B531DA0E88500F5E29F /* Response.m in Sources */,
				09D33B611D9FC285009864D6 /* MainViewController.m in Sources */,
				09BE3B501DA0E83900F5E29F /* Request.m in Sources */,
				093FB3481D9FE2B50004CB34 /* HeaderLabelCell.m in Sources */,
				09D33B5E1D9FC285009864D6 /* AppDelegate.m in Sources */,
				09D33B5B1D9FC285009864D6 /* main.m in Sources */,
			);
			runOnlyForDeploymentPostprocessing = 0;
		};
/* End PBXSourcesBuildPhase section */

/* Begin PBXVariantGroup section */
		09D33B671D9FC285009864D6 /* LaunchScreen.storyboard */ = {
			isa = PBXVariantGroup;
			children = (
				09D33B681D9FC285009864D6 /* Base */,
			);
			name = LaunchScreen.storyboard;
			sourceTree = "<group>";
		};
/* End PBXVariantGroup section */

/* Begin XCBuildConfiguration section */
		09D33B6B1D9FC285009864D6 /* Debug */ = {
			isa = XCBuildConfiguration;
			buildSettings = {
				ALWAYS_SEARCH_USER_PATHS = NO;
				CLANG_ANALYZER_NONNULL = YES;
				CLANG_CXX_LANGUAGE_STANDARD = "gnu++0x";
				CLANG_CXX_LIBRARY = "libc++";
				CLANG_ENABLE_MODULES = YES;
				CLANG_ENABLE_OBJC_ARC = YES;
				CLANG_WARN_BOOL_CONVERSION = YES;
				CLANG_WARN_CONSTANT_CONVERSION = YES;
				CLANG_WARN_DIRECT_OBJC_ISA_USAGE = YES_ERROR;
				CLANG_WARN_EMPTY_BODY = YES;
				CLANG_WARN_ENUM_CONVERSION = YES;
				CLANG_WARN_INT_CONVERSION = YES;
				CLANG_WARN_OBJC_ROOT_CLASS = YES_ERROR;
				CLANG_WARN_UNREACHABLE_CODE = YES;
				CLANG_WARN__DUPLICATE_METHOD_MATCH = YES;
				"CODE_SIGN_IDENTITY[sdk=iphoneos*]" = "iPhone Developer";
				COPY_PHASE_STRIP = NO;
				DEBUG_INFORMATION_FORMAT = dwarf;
				ENABLE_STRICT_OBJC_MSGSEND = YES;
				ENABLE_TESTABILITY = YES;
				GCC_C_LANGUAGE_STANDARD = gnu99;
				GCC_DYNAMIC_NO_PIC = NO;
				GCC_NO_COMMON_BLOCKS = YES;
				GCC_OPTIMIZATION_LEVEL = 0;
				GCC_PREPROCESSOR_DEFINITIONS = (
					"DEBUG=1",
					"$(inherited)",
				);
				GCC_WARN_64_TO_32_BIT_CONVERSION = YES;
				GCC_WARN_ABOUT_RETURN_TYPE = YES_ERROR;
				GCC_WARN_UNDECLARED_SELECTOR = YES;
				GCC_WARN_UNINITIALIZED_AUTOS = YES_AGGRESSIVE;
				GCC_WARN_UNUSED_FUNCTION = YES;
				GCC_WARN_UNUSED_VARIABLE = YES;
				IPHONEOS_DEPLOYMENT_TARGET = 9.3;
				MTL_ENABLE_DEBUG_INFO = YES;
				ONLY_ACTIVE_ARCH = YES;
				SDKROOT = iphoneos;
				TARGETED_DEVICE_FAMILY = "1,2";
			};
			name = Debug;
		};
		09D33B6C1D9FC285009864D6 /* Release */ = {
			isa = XCBuildConfiguration;
			buildSettings = {
				ALWAYS_SEARCH_USER_PATHS = NO;
				CLANG_ANALYZER_NONNULL = YES;
				CLANG_CXX_LANGUAGE_STANDARD = "gnu++0x";
				CLANG_CXX_LIBRARY = "libc++";
				CLANG_ENABLE_MODULES = YES;
				CLANG_ENABLE_OBJC_ARC = YES;
				CLANG_WARN_BOOL_CONVERSION = YES;
				CLANG_WARN_CONSTANT_CONVERSION = YES;
				CLANG_WARN_DIRECT_OBJC_ISA_USAGE = YES_ERROR;
				CLANG_WARN_EMPTY_BODY = YES;
				CLANG_WARN_ENUM_CONVERSION = YES;
				CLANG_WARN_INT_CONVERSION = YES;
				CLANG_WARN_OBJC_ROOT_CLASS = YES_ERROR;
				CLANG_WARN_UNREACHABLE_CODE = YES;
				CLANG_WARN__DUPLICATE_METHOD_MATCH = YES;
				"CODE_SIGN_IDENTITY[sdk=iphoneos*]" = "iPhone Developer";
				COPY_PHASE_STRIP = NO;
				DEBUG_INFORMATION_FORMAT = "dwarf-with-dsym";
				ENABLE_NS_ASSERTIONS = NO;
				ENABLE_STRICT_OBJC_MSGSEND = YES;
				GCC_C_LANGUAGE_STANDARD = gnu99;
				GCC_NO_COMMON_BLOCKS = YES;
				GCC_WARN_64_TO_32_BIT_CONVERSION = YES;
				GCC_WARN_ABOUT_RETURN_TYPE = YES_ERROR;
				GCC_WARN_UNDECLARED_SELECTOR = YES;
				GCC_WARN_UNINITIALIZED_AUTOS = YES_AGGRESSIVE;
				GCC_WARN_UNUSED_FUNCTION = YES;
				GCC_WARN_UNUSED_VARIABLE = YES;
				IPHONEOS_DEPLOYMENT_TARGET = 9.3;
				MTL_ENABLE_DEBUG_INFO = NO;
				SDKROOT = iphoneos;
				TARGETED_DEVICE_FAMILY = "1,2";
				VALIDATE_PRODUCT = YES;
			};
			name = Release;
		};
		09D33B6E1D9FC285009864D6 /* Debug */ = {
			isa = XCBuildConfiguration;
			baseConfigurationReference = D68D9BCD07EEEEBDE83B6E66 /* Pods-cyBroker.debug.xcconfig */;
			buildSettings = {
				ASSETCATALOG_COMPILER_APPICON_NAME = AppIcon;
				DEVELOPMENT_TEAM = WRF38UEM3U;
				INFOPLIST_FILE = cyBroker/Info.plist;
				LD_RUNPATH_SEARCH_PATHS = "$(inherited) @executable_path/Frameworks";
				PRODUCT_BUNDLE_IDENTIFIER = com.lemur.cyBroker;
				PRODUCT_NAME = "$(TARGET_NAME)";
			};
			name = Debug;
		};
		09D33B6F1D9FC285009864D6 /* Release */ = {
			isa = XCBuildConfiguration;
			baseConfigurationReference = CFF662F2E3CB7341721387CF /* Pods-cyBroker.release.xcconfig */;
			buildSettings = {
				ASSETCATALOG_COMPILER_APPICON_NAME = AppIcon;
				DEVELOPMENT_TEAM = WRF38UEM3U;
				INFOPLIST_FILE = cyBroker/Info.plist;
				LD_RUNPATH_SEARCH_PATHS = "$(inherited) @executable_path/Frameworks";
				PRODUCT_BUNDLE_IDENTIFIER = com.lemur.cyBroker;
				PRODUCT_NAME = "$(TARGET_NAME)";
			};
			name = Release;
		};
/* End XCBuildConfiguration section */

/* Begin XCConfigurationList section */
		09D33B511D9FC284009864D6 /* Build configuration list for PBXProject "cyBroker" */ = {
			isa = XCConfigurationList;
			buildConfigurations = (
				09D33B6B1D9FC285009864D6 /* Debug */,
				09D33B6C1D9FC285009864D6 /* Release */,
			);
			defaultConfigurationIsVisible = 0;
			defaultConfigurationName = Release;
		};
		09D33B6D1D9FC285009864D6 /* Build configuration list for PBXNativeTarget "cyBroker" */ = {
			isa = XCConfigurationList;
			buildConfigurations = (
				09D33B6E1D9FC285009864D6 /* Debug */,
				09D33B6F1D9FC285009864D6 /* Release */,
			);
			defaultConfigurationIsVisible = 0;
			defaultConfigurationName = Release;
		};
/* End XCConfigurationList section */
	};
	rootObject = 09D33B4E1D9FC284009864D6 /* Project object */;
}
